
Microsoft Visual Studio Solution File, Format Version 12.00
# Visual Studio Version 17
VisualStudioVersion = 17.4.33110.190
MinimumVisualStudioVersion = 10.0.40219.1
Project("{FAE04EC0-301F-11D3-BF4B-00C04F79EFBC}") = "Library", "Library\Library.csproj", "{A3FD0084-9911-4A98-8F13-34589DBFDE8D}"
EndProject
Global
	GlobalSection(SolutionConfigurationPlatforms) = preSolution
		Debug|Any CPU = Debug|Any CPU
		Release|Any CPU = Release|Any CPU
	EndGlobalSection
	GlobalSection(ProjectConfigurationPlatforms) = postSolution
		{A3FD0084-9911-4A98-8F13-34589DBFDE8D}.Debug|Any CPU.ActiveCfg = Debug|Any CPU
		{A3FD0084-9911-4A98-8F13-34589DBFDE8D}.Debug|Any CPU.Build.0 = Debug|Any CPU
		{A3FD0084-9911-4A98-8F13-34589DBFDE8D}.Release|Any CPU.ActiveCfg = Release|Any CPU
		{A3FD0084-9911-4A98-8F13-34589DBFDE8D}.Release|Any CPU.Build.0 = Release|Any CPU
	EndGlobalSection
	GlobalSection(SolutionProperties) = preSolution
		HideSolutionNode = FALSE
	EndGlobalSection
	GlobalSection(ExtensibilityGlobals) = postSolution
		SolutionGuid = {DF115162-610C-45C7-B622-86420FDAED54}
	EndGlobalSection
EndGlobal
